
Microsoft Visual Studio Solution File, Format Version 12.00
# Visual Studio Version 16
VisualStudioVersion = 16.0.29209.62
MinimumVisualStudioVersion = 10.0.40219.1
Project("{FAE04EC0-301F-11D3-BF4B-00C04F79EFBC}") = "HelloWorld", "HelloWorld\HelloWorld.csproj", "{ADFF56D2-2CAD-4B18-9DFE-8C1EE79B054D}"
EndProject
Global
	GlobalSection(SolutionConfigurationPlatforms) = preSolution
		Debug|Any CPU = Debug|Any CPU
		Release|Any CPU = Release|Any CPU
	EndGlobalSection
	GlobalSection(ProjectConfigurationPlatforms) = postSolution
		{ADFF56D2-2CAD-4B18-9DFE-8C1EE79B054D}.Debug|Any CPU.ActiveCfg = Debug|Any CPU
		{ADFF56D2-2CAD-4B18-9DFE-8C1EE79B054D}.Debug|Any CPU.Build.0 = Debug|Any CPU
		{ADFF56D2-2CAD-4B18-9DFE-8C1EE79B054D}.Release|Any CPU.ActiveCfg = Release|Any CPU
		{ADFF56D2-2CAD-4B18-9DFE-8C1EE79B054D}.Release|Any CPU.Build.0 = Release|Any CPU
	EndGlobalSection
	GlobalSection(SolutionProperties) = preSolution
		HideSolutionNode = FALSE
	EndGlobalSection
	GlobalSection(ExtensibilityGlobals) = postSolution
		SolutionGuid = {0A13D24F-7424-4B12-AFBD-52F15E3BD1F3}
	EndGlobalSection
EndGlobal
